// !$*UTF8*$!
{
	archiveVersion = 1;
	classes = {
	};
	objectVersion = 46;
	objects = {

/* Begin PBXBuildFile section */
		8E8AAC7F1D0C8AFB00CC8158 /* AppDelegate.swift in Sources */ = {isa = PBXBuildFile; fileRef = 8E8AAC7E1D0C8AFB00CC8158 /* AppDelegate.swift */; };
		8E8AAC811D0C8AFB00CC8158 /* ViewController.swift in Sources */ = {isa = PBXBuildFile; fileRef = 8E8AAC801D0C8AFB00CC8158 /* ViewController.swift */; };
		8E8AAC841D0C8AFB00CC8158 /* Main.storyboard in Resources */ = {isa = PBXBuildFile; fileRef = 8E8AAC821D0C8AFB00CC8158 /* Main.storyboard */; };
		8E8AAC861D0C8AFB00CC8158 /* Assets.xcassets in Resources */ = {isa = PBXBuildFile; fileRef = 8E8AAC851D0C8AFB00CC8158 /* Assets.xcassets */; };
		8E8AAC891D0C8AFB00CC8158 /* LaunchScreen.storyboard in Resources */ = {isa = PBXBuildFile; fileRef = 8E8AAC871D0C8AFB00CC8158 /* LaunchScreen.storyboard */; };
		8E8AAC911D0C976C00CC8158 /* Minecraft.ttf in Resources */ = {isa = PBXBuildFile; fileRef = 8E8AAC901D0C976C00CC8158 /* Minecraft.ttf */; };
		8E8AAC931D0CDC7F00CC8158 /* btn.wav in Resources */ = {isa = PBXBuildFile; fileRef = 8E8AAC921D0CDC7F00CC8158 /* btn.wav */; };
/* End PBXBuildFile section */

/* Begin PBXFileReference section */
		8E8AAC7B1D0C8AFB00CC8158 /* retro-calculator.app */ = {isa = PBXFileReference; explicitFileType = wrapper.application; includeInIndex = 0; path = "retro-calculator.app"; sourceTree = BUILT_PRODUCTS_DIR; };
		8E8AAC7E1D0C8AFB00CC8158 /* AppDelegate.swift */ = {isa = PBXFileReference; lastKnownFileType = sourcecode.swift; path = AppDelegate.swift; sourceTree = "<group>"; };
		8E8AAC801D0C8AFB00CC8158 /* ViewController.swift */ = {isa = PBXFileReference; lastKnownFileType = sourcecode.swift; path = ViewController.swift; sourceTree = "<group>"; };
		8E8AAC831D0C8AFB00CC8158 /* Base */ = {isa = PBXFileReference; lastKnownFileType = file.storyboard; name = Base; path = Base.lproj/Main.storyboard; sourceTree = "<group>"; };
		8E8AAC851D0C8AFB00CC8158 /* Assets.xcassets */ = {isa = PBXFileReference; lastKnownFileType = folder.assetcatalog; path = Assets.xcassets; sourceTree = "<group>"; };
		8E8AAC881D0C8AFB00CC8158 /* Base */ = {isa = PBXFileReference; lastKnownFileType = file.storyboard; name = Base; path = Base.lproj/LaunchScreen.storyboard; sourceTree = "<group>"; };
		8E8AAC8A1D0C8AFB00CC8158 /* Info.plist */ = {isa = PBXFileReference; lastKnownFileType = text.plist.xml; path = Info.plist; sourceTree = "<group>"; };
		8E8AAC901D0C976C00CC8158 /* Minecraft.ttf */ = {isa = PBXFileReference; lastKnownFileType = file; path = Minecraft.ttf; sourceTree = "<group>"; };
		8E8AAC921D0CDC7F00CC8158 /* btn.wav */ = {isa = PBXFileReference; lastKnownFileType = audio.wav; path = btn.wav; sourceTree = "<group>"; };
/* End PBXFileReference section */

/* Begin PBXFrameworksBuildPhase section */
		8E8AAC781D0C8AFB00CC8158 /* Frameworks */ = {
			isa = PBXFrameworksBuildPhase;
			buildActionMask = 2147483647;
			files = (
			);
			runOnlyForDeploymentPostprocessing = 0;
		};
/* End PBXFrameworksBuildPhase section */

/* Begin PBXGroup section */
		8E8AAC721D0C8AFB00CC8158 = {
			isa = PBXGroup;
			children = (
				8E8AAC7D1D0C8AFB00CC8158 /* retro-calculator */,
				8E8AAC7C1D0C8AFB00CC8158 /* Products */,
			);
			sourceTree = "<group>";
		};
		8E8AAC7C1D0C8AFB00CC8158 /* Products */ = {
			isa = PBXGroup;
			children = (
				8E8AAC7B1D0C8AFB00CC8158 /* retro-calculator.app */,
			);
			name = Products;
			sourceTree = "<group>";
		};
		8E8AAC7D1D0C8AFB00CC8158 /* retro-calculator */ = {
			isa = PBXGroup;
			children = (
				8E8AAC921D0CDC7F00CC8158 /* btn.wav */,
				8E8AAC901D0C976C00CC8158 /* Minecraft.ttf */,
				8E8AAC7E1D0C8AFB00CC8158 /* AppDelegate.swift */,
				8E8AAC801D0C8AFB00CC8158 /* ViewController.swift */,
				8E8AAC821D0C8AFB00CC8158 /* Main.storyboard */,
				8E8AAC851D0C8AFB00CC8158 /* Assets.xcassets */,
				8E8AAC871D0C8AFB00CC8158 /* LaunchScreen.storyboard */,
				8E8AAC8A1D0C8AFB00CC8158 /* Info.plist */,
			);
			path = "retro-calculator";
			sourceTree = "<group>";
		};
/* End PBXGroup section */

/* Begin PBXNativeTarget section */
		8E8AAC7A1D0C8AFB00CC8158 /* retro-calculator */ = {
			isa = PBXNativeTarget;
			buildConfigurationList = 8E8AAC8D1D0C8AFB00CC8158 /* Build configuration list for PBXNativeTarget "retro-calculator" */;
			buildPhases = (
				8E8AAC771D0C8AFB00CC8158 /* Sources */,
				8E8AAC781D0C8AFB00CC8158 /* Frameworks */,
				8E8AAC791D0C8AFB00CC8158 /* Resources */,
			);
			buildRules = (
			);
			dependencies = (
			);
			name = "retro-calculator";
			productName = "retro-calculator";
			productReference = 8E8AAC7B1D0C8AFB00CC8158 /* retro-calculator.app */;
			productType = "com.apple.product-type.application";
		};
/* End PBXNativeTarget section */

/* Begin PBXProject section */
		8E8AAC731D0C8AFB00CC8158 /* Project object */ = {
			isa = PBXProject;
			attributes = {
				LastSwiftUpdateCheck = 0730;
				LastUpgradeCheck = 0730;
				ORGANIZATIONNAME = "Gordon Seto";
				TargetAttributes = {
					8E8AAC7A1D0C8AFB00CC8158 = {
						CreatedOnToolsVersion = 7.3.1;
					};
				};
			};
			buildConfigurationList = 8E8AAC761D0C8AFB00CC8158 /* Build configuration list for PBXProject "retro-calculator" */;
			compatibilityVersion = "Xcode 3.2";
			developmentRegion = English;
			hasScannedForEncodings = 0;
			knownRegions = (
				en,
				Base,
			);
			mainGroup = 8E8AAC721D0C8AFB00CC8158;
			productRefGroup = 8E8AAC7C1D0C8AFB00CC8158 /* Products */;
			projectDirPath = "";
			projectRoot = "";
			targets = (
				8E8AAC7A1D0C8AFB00CC8158 /* retro-calculator */,
			);
		};
/* End PBXProject section */

/* Begin PBXResourcesBuildPhase section */
		8E8AAC791D0C8AFB00CC8158 /* Resources */ = {
			isa = PBXResourcesBuildPhase;
			buildActionMask = 2147483647;
			files = (
				8E8AAC931D0CDC7F00CC8158 /* btn.wav in Resources */,
				8E8AAC891D0C8AFB00CC8158 /* LaunchScreen.storyboard in Resources */,
				8E8AAC861D0C8AFB00CC8158 /* Assets.xcassets in Resources */,
				8E8AAC911D0C976C00CC8158 /* Minecraft.ttf in Resources */,
				8E8AAC841D0C8AFB00CC8158 /* Main.storyboard in Resources */,
			);
			runOnlyForDeploymentPostprocessing = 0;
		};
/* End PBXResourcesBuildPhase section */

/* Begin PBXSourcesBuildPhase section */
		8E8AAC771D0C8AFB00CC8158 /* Sources */ = {
			isa = PBXSourcesBuildPhase;
			buildActionMask = 2147483647;
			files = (
				8E8AAC811D0C8AFB00CC8158 /* ViewController.swift in Sources */,
				8E8AAC7F1D0C8AFB00CC8158 /* AppDelegate.swift in Sources */,
			);
			runOnlyForDeploymentPostprocessing = 0;
		};
/* End PBXSourcesBuildPhase section */

/* Begin PBXVariantGroup section */
		8E8AAC821D0C8AFB00CC8158 /* Main.storyboard */ = {
			isa = PBXVariantGroup;
			children = (
				8E8AAC831D0C8AFB00CC8158 /* Base */,
			);
			name = Main.storyboard;
			sourceTree = "<group>";
		};
		8E8AAC871D0C8AFB00CC8158 /* LaunchScreen.storyboard */ = {
			isa = PBXVariantGroup;
			children = (
				8E8AAC881D0C8AFB00CC8158 /* Base */,
			);
			name = LaunchScreen.storyboard;
			sourceTree = "<group>";
		};
/* End PBXVariantGroup section */

/* Begin XCBuildConfiguration section */
		8E8AAC8B1D0C8AFB00CC8158 /* Debug */ = {
			isa = XCBuildConfiguration;
			buildSettings = {
				ALWAYS_SEARCH_USER_PATHS = NO;
				CLANG_ANALYZER_NONNULL = YES;
				CLANG_CXX_LANGUAGE_STANDARD = "gnu++0x";
				CLANG_CXX_LIBRARY = "libc++";
				CLANG_ENABLE_MODULES = YES;
				CLANG_ENABLE_OBJC_ARC = YES;
				CLANG_WARN_BOOL_CONVERSION = YES;
				CLANG_WARN_CONSTANT_CONVERSION = YES;
				CLANG_WARN_DIRECT_OBJC_ISA_USAGE = YES_ERROR;
				CLANG_WARN_EMPTY_BODY = YES;
				CLANG_WARN_ENUM_CONVERSION = YES;
				CLANG_WARN_INT_CONVERSION = YES;
				CLANG_WARN_OBJC_ROOT_CLASS = YES_ERROR;
				CLANG_WARN_UNREACHABLE_CODE = YES;
				CLANG_WARN__DUPLICATE_METHOD_MATCH = YES;
				"CODE_SIGN_IDENTITY[sdk=iphoneos*]" = "iPhone Developer";
				COPY_PHASE_STRIP = NO;
				DEBUG_INFORMATION_FORMAT = dwarf;
				ENABLE_STRICT_OBJC_MSGSEND = YES;
				ENABLE_TESTABILITY = YES;
				GCC_C_LANGUAGE_STANDARD = gnu99;
				GCC_DYNAMIC_NO_PIC = NO;
				GCC_NO_COMMON_BLOCKS = YES;
				GCC_OPTIMIZATION_LEVEL = 0;
				GCC_PREPROCESSOR_DEFINITIONS = (
					"DEBUG=1",
					"$(inherited)",
				);
				GCC_WARN_64_TO_32_BIT_CONVERSION = YES;
				GCC_WARN_ABOUT_RETURN_TYPE = YES_ERROR;
				GCC_WARN_UNDECLARED_SELECTOR = YES;
				GCC_WARN_UNINITIALIZED_AUTOS = YES_AGGRESSIVE;
				GCC_WARN_UNUSED_FUNCTION = YES;
				GCC_WARN_UNUSED_VARIABLE = YES;
				IPHONEOS_DEPLOYMENT_TARGET = 9.3;
				MTL_ENABLE_DEBUG_INFO = YES;
				ONLY_ACTIVE_ARCH = YES;
				SDKROOT = iphoneos;
				SWIFT_OPTIMIZATION_LEVEL = "-Onone";
			};
			name = Debug;
		};
		8E8AAC8C1D0C8AFB00CC8158 /* Release */ = {
			isa = XCBuildConfiguration;
			buildSettings = {
				ALWAYS_SEARCH_USER_PATHS = NO;
				CLANG_ANALYZER_NONNULL = YES;
				CLANG_CXX_LANGUAGE_STANDARD = "gnu++0x";
				CLANG_CXX_LIBRARY = "libc++";
				CLANG_ENABLE_MODULES = YES;
				CLANG_ENABLE_OBJC_ARC = YES;
				CLANG_WARN_BOOL_CONVERSION = YES;
				CLANG_WARN_CONSTANT_CONVERSION = YES;
				CLANG_WARN_DIRECT_OBJC_ISA_USAGE = YES_ERROR;
				CLANG_WARN_EMPTY_BODY = YES;
				CLANG_WARN_ENUM_CONVERSION = YES;
				CLANG_WARN_INT_CONVERSION = YES;
				CLANG_WARN_OBJC_ROOT_CLASS = YES_ERROR;
				CLANG_WARN_UNREACHABLE_CODE = YES;
				CLANG_WARN__DUPLICATE_METHOD_MATCH = YES;
				"CODE_SIGN_IDENTITY[sdk=iphoneos*]" = "iPhone Developer";
				COPY_PHASE_STRIP = NO;
				DEBUG_INFORMATION_FORMAT = "dwarf-with-dsym";
				ENABLE_NS_ASSERTIONS = NO;
				ENABLE_STRICT_OBJC_MSGSEND = YES;
				GCC_C_LANGUAGE_STANDARD = gnu99;
				GCC_NO_COMMON_BLOCKS = YES;
				GCC_WARN_64_TO_32_BIT_CONVERSION = YES;
				GCC_WARN_ABOUT_RETURN_TYPE = YES_ERROR;
				GCC_WARN_UNDECLARED_SELECTOR = YES;
				GCC_WARN_UNINITIALIZED_AUTOS = YES_AGGRESSIVE;
				GCC_WARN_UNUSED_FUNCTION = YES;
				GCC_WARN_UNUSED_VARIABLE = YES;
				IPHONEOS_DEPLOYMENT_TARGET = 9.3;
				MTL_ENABLE_DEBUG_INFO = NO;
				SDKROOT = iphoneos;
				VALIDATE_PRODUCT = YES;
			};
			name = Release;
		};
		8E8AAC8E1D0C8AFB00CC8158 /* Debug */ = {
			isa = XCBuildConfiguration;
			buildSettings = {
				ASSETCATALOG_COMPILER_APPICON_NAME = AppIcon;
				INFOPLIST_FILE = "retro-calculator/Info.plist";
				LD_RUNPATH_SEARCH_PATHS = "$(inherited) @executable_path/Frameworks";
				PRODUCT_BUNDLE_IDENTIFIER = "gordonseto.retro-calculator";
				PRODUCT_NAME = "$(TARGET_NAME)";
			};
			name = Debug;
		};
		8E8AAC8F1D0C8AFB00CC8158 /* Release */ = {
			isa = XCBuildConfiguration;
			buildSettings = {
				ASSETCATALOG_COMPILER_APPICON_NAME = AppIcon;
				INFOPLIST_FILE = "retro-calculator/Info.plist";
				LD_RUNPATH_SEARCH_PATHS = "$(inherited) @executable_path/Frameworks";
				PRODUCT_BUNDLE_IDENTIFIER = "gordonseto.retro-calculator";
				PRODUCT_NAME = "$(TARGET_NAME)";
			};
			name = Release;
		};
/* End XCBuildConfiguration section */

/* Begin XCConfigurationList section */
		8E8AAC761D0C8AFB00CC8158 /* Build configuration list for PBXProject "retro-calculator" */ = {
			isa = XCConfigurationList;
			buildConfigurations = (
				8E8AAC8B1D0C8AFB00CC8158 /* Debug */,
				8E8AAC8C1D0C8AFB00CC8158 /* Release */,
			);
			defaultConfigurationIsVisible = 0;
			defaultConfigurationName = Release;
		};
		8E8AAC8D1D0C8AFB00CC8158 /* Build configuration list for PBXNativeTarget "retro-calculator" */ = {
			isa = XCConfigurationList;
			buildConfigurations = (
				8E8AAC8E1D0C8AFB00CC8158 /* Debug */,
				8E8AAC8F1D0C8AFB00CC8158 /* Release */,
			);
			defaultConfigurationIsVisible = 0;
		};
/* End XCConfigurationList section */
	};
	rootObject = 8E8AAC731D0C8AFB00CC8158 /* Project object */;
}
